
Microsoft Visual Studio Solution File, Format Version 12.00
# Visual Studio 14
VisualStudioVersion = 14.0.25420.1
MinimumVisualStudioVersion = 10.0.40219.1
Project("{2150E333-8FDC-42A3-9474-1A3956D46DE8}") = "src", "src", "{D020FEB8-2901-4A89-AB42-23A64FF67FD7}"
EndProject
Project("{2150E333-8FDC-42A3-9474-1A3956D46DE8}") = "Solution Items", "Solution Items", "{B2C577BA-F295-4F57-9582-C0E9661A117A}"
	ProjectSection(SolutionItems) = preProject
		global.json = global.json
	EndProjectSection
EndProject
Project("{8BB2217D-0F2D-49D1-97BC-3654ED321F3B}") = "de.strewi.web", "src\de.strewi.web\de.strewi.web.xproj", "{B9479855-4644-4378-B243-8B4F158EF8FD}"
EndProject
Project("{8BB2217D-0F2D-49D1-97BC-3654ED321F3B}") = "de.strewi.database", "src\de.strewi.database\de.strewi.database.xproj", "{5F083953-FB39-4A02-B74F-FAF9E8442762}"
EndProject
Project("{8BB2217D-0F2D-49D1-97BC-3654ED321F3B}") = "de.strewi.Search", "src\de.strewi.Search\de.strewi.Search.xproj", "{B695E827-DAAD-42FF-8181-99D76CA4B04D}"
EndProject
Project("{8BB2217D-0F2D-49D1-97BC-3654ED321F3B}") = "de.strewi.Pdf", "src\de.strewi.Pdf\de.strewi.Pdf.xproj", "{BC7509AD-F8C4-4D92-8DC0-8E9BC7DDD4E5}"
EndProject
Project("{8BB2217D-0F2D-49D1-97BC-3654ED321F3B}") = "de.strewi.Storage", "src\de.strewi.Storage\de.strewi.Storage.xproj", "{B8E1239B-BEDB-4DDF-BBD5-BEAB97CC6193}"
EndProject
Project("{8BB2217D-0F2D-49D1-97BC-3654ED321F3B}") = "de.strewi.Configuration", "src\de.strewi.Configuration\de.strewi.Configuration.xproj", "{01020757-DA2D-4715-90C5-FC5B94210D88}"
EndProject
Global
	GlobalSection(SolutionConfigurationPlatforms) = preSolution
		Debug|Any CPU = Debug|Any CPU
		Debug|Mixed Platforms = Debug|Mixed Platforms
		Debug|Win32 = Debug|Win32
		Debug|x64 = Debug|x64
		Debug|x86 = Debug|x86
		Release|Any CPU = Release|Any CPU
		Release|Mixed Platforms = Release|Mixed Platforms
		Release|Win32 = Release|Win32
		Release|x64 = Release|x64
		Release|x86 = Release|x86
	EndGlobalSection
	GlobalSection(ProjectConfigurationPlatforms) = postSolution
		{B9479855-4644-4378-B243-8B4F158EF8FD}.Debug|Any CPU.ActiveCfg = Debug|Any CPU
		{B9479855-4644-4378-B243-8B4F158EF8FD}.Debug|Any CPU.Build.0 = Debug|Any CPU
		{B9479855-4644-4378-B243-8B4F158EF8FD}.Debug|Mixed Platforms.ActiveCfg = Debug|Any CPU
		{B9479855-4644-4378-B243-8B4F158EF8FD}.Debug|Mixed Platforms.Build.0 = Debug|Any CPU
		{B9479855-4644-4378-B243-8B4F158EF8FD}.Debug|Win32.ActiveCfg = Debug|Any CPU
		{B9479855-4644-4378-B243-8B4F158EF8FD}.Debug|Win32.Build.0 = Debug|Any CPU
		{B9479855-4644-4378-B243-8B4F158EF8FD}.Debug|x64.ActiveCfg = Debug|Any CPU
		{B9479855-4644-4378-B243-8B4F158EF8FD}.Debug|x64.Build.0 = Debug|Any CPU
		{B9479855-4644-4378-B243-8B4F158EF8FD}.Debug|x86.ActiveCfg = Debug|Any CPU
		{B9479855-4644-4378-B243-8B4F158EF8FD}.Debug|x86.Build.0 = Debug|Any CPU
		{B9479855-4644-4378-B243-8B4F158EF8FD}.Release|Any CPU.ActiveCfg = Release|Any CPU
		{B9479855-4644-4378-B243-8B4F158EF8FD}.Release|Any CPU.Build.0 = Release|Any CPU
		{B9479855-4644-4378-B243-8B4F158EF8FD}.Release|Mixed Platforms.ActiveCfg = Release|Any CPU
		{B9479855-4644-4378-B243-8B4F158EF8FD}.Release|Mixed Platforms.Build.0 = Release|Any CPU
		{B9479855-4644-4378-B243-8B4F158EF8FD}.Release|Win32.ActiveCfg = Release|Any CPU
		{B9479855-4644-4378-B243-8B4F158EF8FD}.Release|Win32.Build.0 = Release|Any CPU
		{B9479855-4644-4378-B243-8B4F158EF8FD}.Release|x64.ActiveCfg = Release|Any CPU
		{B9479855-4644-4378-B243-8B4F158EF8FD}.Release|x64.Build.0 = Release|Any CPU
		{B9479855-4644-4378-B243-8B4F158EF8FD}.Release|x86.ActiveCfg = Release|Any CPU
		{B9479855-4644-4378-B243-8B4F158EF8FD}.Release|x86.Build.0 = Release|Any CPU
		{5F083953-FB39-4A02-B74F-FAF9E8442762}.Debug|Any CPU.ActiveCfg = Debug|Any CPU
		{5F083953-FB39-4A02-B74F-FAF9E8442762}.Debug|Any CPU.Build.0 = Debug|Any CPU
		{5F083953-FB39-4A02-B74F-FAF9E8442762}.Debug|Mixed Platforms.ActiveCfg = Debug|Any CPU
		{5F083953-FB39-4A02-B74F-FAF9E8442762}.Debug|Mixed Platforms.Build.0 = Debug|Any CPU
		{5F083953-FB39-4A02-B74F-FAF9E8442762}.Debug|Win32.ActiveCfg = Debug|Any CPU
		{5F083953-FB39-4A02-B74F-FAF9E8442762}.Debug|Win32.Build.0 = Debug|Any CPU
		{5F083953-FB39-4A02-B74F-FAF9E8442762}.Debug|x64.ActiveCfg = Debug|Any CPU
		{5F083953-FB39-4A02-B74F-FAF9E8442762}.Debug|x64.Build.0 = Debug|Any CPU
		{5F083953-FB39-4A02-B74F-FAF9E8442762}.Debug|x86.ActiveCfg = Debug|Any CPU
		{5F083953-FB39-4A02-B74F-FAF9E8442762}.Debug|x86.Build.0 = Debug|Any CPU
		{5F083953-FB39-4A02-B74F-FAF9E8442762}.Release|Any CPU.ActiveCfg = Release|Any CPU
		{5F083953-FB39-4A02-B74F-FAF9E8442762}.Release|Any CPU.Build.0 = Release|Any CPU
		{5F083953-FB39-4A02-B74F-FAF9E8442762}.Release|Mixed Platforms.ActiveCfg = Release|Any CPU
		{5F083953-FB39-4A02-B74F-FAF9E8442762}.Release|Mixed Platforms.Build.0 = Release|Any CPU
		{5F083953-FB39-4A02-B74F-FAF9E8442762}.Release|Win32.ActiveCfg = Release|Any CPU
		{5F083953-FB39-4A02-B74F-FAF9E8442762}.Release|Win32.Build.0 = Release|Any CPU
		{5F083953-FB39-4A02-B74F-FAF9E8442762}.Release|x64.ActiveCfg = Release|Any CPU
		{5F083953-FB39-4A02-B74F-FAF9E8442762}.Release|x64.Build.0 = Release|Any CPU
		{5F083953-FB39-4A02-B74F-FAF9E8442762}.Release|x86.ActiveCfg = Release|Any CPU
		{5F083953-FB39-4A02-B74F-FAF9E8442762}.Release|x86.Build.0 = Release|Any CPU
		{B695E827-DAAD-42FF-8181-99D76CA4B04D}.Debug|Any CPU.ActiveCfg = Debug|Any CPU
		{B695E827-DAAD-42FF-8181-99D76CA4B04D}.Debug|Any CPU.Build.0 = Debug|Any CPU
		{B695E827-DAAD-42FF-8181-99D76CA4B04D}.Debug|Mixed Platforms.ActiveCfg = Debug|Any CPU
		{B695E827-DAAD-42FF-8181-99D76CA4B04D}.Debug|Mixed Platforms.Build.0 = Debug|Any CPU
		{B695E827-DAAD-42FF-8181-99D76CA4B04D}.Debug|Win32.ActiveCfg = Debug|Any CPU
		{B695E827-DAAD-42FF-8181-99D76CA4B04D}.Debug|Win32.Build.0 = Debug|Any CPU
		{B695E827-DAAD-42FF-8181-99D76CA4B04D}.Debug|x64.ActiveCfg = Debug|Any CPU
		{B695E827-DAAD-42FF-8181-99D76CA4B04D}.Debug|x64.Build.0 = Debug|Any CPU
		{B695E827-DAAD-42FF-8181-99D76CA4B04D}.Debug|x86.ActiveCfg = Debug|Any CPU
		{B695E827-DAAD-42FF-8181-99D76CA4B04D}.Debug|x86.Build.0 = Debug|Any CPU
		{B695E827-DAAD-42FF-8181-99D76CA4B04D}.Release|Any CPU.ActiveCfg = Release|Any CPU
		{B695E827-DAAD-42FF-8181-99D76CA4B04D}.Release|Any CPU.Build.0 = Release|Any CPU
		{B695E827-DAAD-42FF-8181-99D76CA4B04D}.Release|Mixed Platforms.ActiveCfg = Release|Any CPU
		{B695E827-DAAD-42FF-8181-99D76CA4B04D}.Release|Mixed Platforms.Build.0 = Release|Any CPU
		{B695E827-DAAD-42FF-8181-99D76CA4B04D}.Release|Win32.ActiveCfg = Release|Any CPU
		{B695E827-DAAD-42FF-8181-99D76CA4B04D}.Release|Win32.Build.0 = Release|Any CPU
		{B695E827-DAAD-42FF-8181-99D76CA4B04D}.Release|x64.ActiveCfg = Release|Any CPU
		{B695E827-DAAD-42FF-8181-99D76CA4B04D}.Release|x64.Build.0 = Release|Any CPU
		{B695E827-DAAD-42FF-8181-99D76CA4B04D}.Release|x86.ActiveCfg = Release|Any CPU
		{B695E827-DAAD-42FF-8181-99D76CA4B04D}.Release|x86.Build.0 = Release|Any CPU
		{BC7509AD-F8C4-4D92-8DC0-8E9BC7DDD4E5}.Debug|Any CPU.ActiveCfg = Debug|Any CPU
		{BC7509AD-F8C4-4D92-8DC0-8E9BC7DDD4E5}.Debug|Any CPU.Build.0 = Debug|Any CPU
		{BC7509AD-F8C4-4D92-8DC0-8E9BC7DDD4E5}.Debug|Mixed Platforms.ActiveCfg = Debug|Any CPU
		{BC7509AD-F8C4-4D92-8DC0-8E9BC7DDD4E5}.Debug|Mixed Platforms.Build.0 = Debug|Any CPU
		{BC7509AD-F8C4-4D92-8DC0-8E9BC7DDD4E5}.Debug|Win32.ActiveCfg = Debug|Any CPU
		{BC7509AD-F8C4-4D92-8DC0-8E9BC7DDD4E5}.Debug|Win32.Build.0 = Debug|Any CPU
		{BC7509AD-F8C4-4D92-8DC0-8E9BC7DDD4E5}.Debug|x64.ActiveCfg = Debug|Any CPU
		{BC7509AD-F8C4-4D92-8DC0-8E9BC7DDD4E5}.Debug|x64.Build.0 = Debug|Any CPU
		{BC7509AD-F8C4-4D92-8DC0-8E9BC7DDD4E5}.Debug|x86.ActiveCfg = Debug|Any CPU
		{BC7509AD-F8C4-4D92-8DC0-8E9BC7DDD4E5}.Debug|x86.Build.0 = Debug|Any CPU
		{BC7509AD-F8C4-4D92-8DC0-8E9BC7DDD4E5}.Release|Any CPU.ActiveCfg = Release|Any CPU
		{BC7509AD-F8C4-4D92-8DC0-8E9BC7DDD4E5}.Release|Any CPU.Build.0 = Release|Any CPU
		{BC7509AD-F8C4-4D92-8DC0-8E9BC7DDD4E5}.Release|Mixed Platforms.ActiveCfg = Release|Any CPU
		{BC7509AD-F8C4-4D92-8DC0-8E9BC7DDD4E5}.Release|Mixed Platforms.Build.0 = Release|Any CPU
		{BC7509AD-F8C4-4D92-8DC0-8E9BC7DDD4E5}.Release|Win32.ActiveCfg = Release|Any CPU
		{BC7509AD-F8C4-4D92-8DC0-8E9BC7DDD4E5}.Release|Win32.Build.0 = Release|Any CPU
		{BC7509AD-F8C4-4D92-8DC0-8E9BC7DDD4E5}.Release|x64.ActiveCfg = Release|Any CPU
		{BC7509AD-F8C4-4D92-8DC0-8E9BC7DDD4E5}.Release|x64.Build.0 = Release|Any CPU
		{BC7509AD-F8C4-4D92-8DC0-8E9BC7DDD4E5}.Release|x86.ActiveCfg = Release|Any CPU
		{BC7509AD-F8C4-4D92-8DC0-8E9BC7DDD4E5}.Release|x86.Build.0 = Release|Any CPU
		{B8E1239B-BEDB-4DDF-BBD5-BEAB97CC6193}.Debug|Any CPU.ActiveCfg = Debug|Any CPU
		{B8E1239B-BEDB-4DDF-BBD5-BEAB97CC6193}.Debug|Any CPU.Build.0 = Debug|Any CPU
		{B8E1239B-BEDB-4DDF-BBD5-BEAB97CC6193}.Debug|Mixed Platforms.ActiveCfg = Debug|Any CPU
		{B8E1239B-BEDB-4DDF-BBD5-BEAB97CC6193}.Debug|Mixed Platforms.Build.0 = Debug|Any CPU
		{B8E1239B-BEDB-4DDF-BBD5-BEAB97CC6193}.Debug|Win32.ActiveCfg = Debug|Any CPU
		{B8E1239B-BEDB-4DDF-BBD5-BEAB97CC6193}.Debug|Win32.Build.0 = Debug|Any CPU
		{B8E1239B-BEDB-4DDF-BBD5-BEAB97CC6193}.Debug|x64.ActiveCfg = Debug|Any CPU
		{B8E1239B-BEDB-4DDF-BBD5-BEAB97CC6193}.Debug|x64.Build.0 = Debug|Any CPU
		{B8E1239B-BEDB-4DDF-BBD5-BEAB97CC6193}.Debug|x86.ActiveCfg = Debug|Any CPU
		{B8E1239B-BEDB-4DDF-BBD5-BEAB97CC6193}.Debug|x86.Build.0 = Debug|Any CPU
		{B8E1239B-BEDB-4DDF-BBD5-BEAB97CC6193}.Release|Any CPU.ActiveCfg = Release|Any CPU
		{B8E1239B-BEDB-4DDF-BBD5-BEAB97CC6193}.Release|Any CPU.Build.0 = Release|Any CPU
		{B8E1239B-BEDB-4DDF-BBD5-BEAB97CC6193}.Release|Mixed Platforms.ActiveCfg = Release|Any CPU
		{B8E1239B-BEDB-4DDF-BBD5-BEAB97CC6193}.Release|Mixed Platforms.Build.0 = Release|Any CPU
		{B8E1239B-BEDB-4DDF-BBD5-BEAB97CC6193}.Release|Win32.ActiveCfg = Release|Any CPU
		{B8E1239B-BEDB-4DDF-BBD5-BEAB97CC6193}.Release|Win32.Build.0 = Release|Any CPU
		{B8E1239B-BEDB-4DDF-BBD5-BEAB97CC6193}.Release|x64.ActiveCfg = Release|Any CPU
		{B8E1239B-BEDB-4DDF-BBD5-BEAB97CC6193}.Release|x64.Build.0 = Release|Any CPU
		{B8E1239B-BEDB-4DDF-BBD5-BEAB97CC6193}.Release|x86.ActiveCfg = Release|Any CPU
		{B8E1239B-BEDB-4DDF-BBD5-BEAB97CC6193}.Release|x86.Build.0 = Release|Any CPU
		{01020757-DA2D-4715-90C5-FC5B94210D88}.Debug|Any CPU.ActiveCfg = Debug|Any CPU
		{01020757-DA2D-4715-90C5-FC5B94210D88}.Debug|Any CPU.Build.0 = Debug|Any CPU
		{01020757-DA2D-4715-90C5-FC5B94210D88}.Debug|Mixed Platforms.ActiveCfg = Debug|Any CPU
		{01020757-DA2D-4715-90C5-FC5B94210D88}.Debug|Mixed Platforms.Build.0 = Debug|Any CPU
		{01020757-DA2D-4715-90C5-FC5B94210D88}.Debug|Win32.ActiveCfg = Debug|Any CPU
		{01020757-DA2D-4715-90C5-FC5B94210D88}.Debug|Win32.Build.0 = Debug|Any CPU
		{01020757-DA2D-4715-90C5-FC5B94210D88}.Debug|x64.ActiveCfg = Debug|Any CPU
		{01020757-DA2D-4715-90C5-FC5B94210D88}.Debug|x64.Build.0 = Debug|Any CPU
		{01020757-DA2D-4715-90C5-FC5B94210D88}.Debug|x86.ActiveCfg = Debug|Any CPU
		{01020757-DA2D-4715-90C5-FC5B94210D88}.Debug|x86.Build.0 = Debug|Any CPU
		{01020757-DA2D-4715-90C5-FC5B94210D88}.Release|Any CPU.ActiveCfg = Release|Any CPU
		{01020757-DA2D-4715-90C5-FC5B94210D88}.Release|Any CPU.Build.0 = Release|Any CPU
		{01020757-DA2D-4715-90C5-FC5B94210D88}.Release|Mixed Platforms.ActiveCfg = Release|Any CPU
		{01020757-DA2D-4715-90C5-FC5B94210D88}.Release|Mixed Platforms.Build.0 = Release|Any CPU
		{01020757-DA2D-4715-90C5-FC5B94210D88}.Release|Win32.ActiveCfg = Release|Any CPU
		{01020757-DA2D-4715-90C5-FC5B94210D88}.Release|Win32.Build.0 = Release|Any CPU
		{01020757-DA2D-4715-90C5-FC5B94210D88}.Release|x64.ActiveCfg = Release|Any CPU
		{01020757-DA2D-4715-90C5-FC5B94210D88}.Release|x64.Build.0 = Release|Any CPU
		{01020757-DA2D-4715-90C5-FC5B94210D88}.Release|x86.ActiveCfg = Release|Any CPU
		{01020757-DA2D-4715-90C5-FC5B94210D88}.Release|x86.Build.0 = Release|Any CPU
	EndGlobalSection
	GlobalSection(SolutionProperties) = preSolution
		HideSolutionNode = FALSE
	EndGlobalSection
	GlobalSection(NestedProjects) = preSolution
		{B9479855-4644-4378-B243-8B4F158EF8FD} = {D020FEB8-2901-4A89-AB42-23A64FF67FD7}
		{5F083953-FB39-4A02-B74F-FAF9E8442762} = {D020FEB8-2901-4A89-AB42-23A64FF67FD7}
		{B695E827-DAAD-42FF-8181-99D76CA4B04D} = {D020FEB8-2901-4A89-AB42-23A64FF67FD7}
		{BC7509AD-F8C4-4D92-8DC0-8E9BC7DDD4E5} = {D020FEB8-2901-4A89-AB42-23A64FF67FD7}
		{B8E1239B-BEDB-4DDF-BBD5-BEAB97CC6193} = {D020FEB8-2901-4A89-AB42-23A64FF67FD7}
		{01020757-DA2D-4715-90C5-FC5B94210D88} = {D020FEB8-2901-4A89-AB42-23A64FF67FD7}
	EndGlobalSection
EndGlobal
